# This file is autogenerated, do not edit; changes may be undone by the next 'dep ensure'.


[[projects]]
  name = "github.com/ikawaha/kagome"
  packages = [
    "internal/da",
    "internal/dic",
    "internal/dic/data",
    "internal/lattice",
    "splitter",
    "tokenizer"
  ]
  revision = "f066253ac079561f78be9bbb04a5492aa61b6e29"
  version = "v1.8.1"

[solve-meta]
  analyzer-name = "dep"
  analyzer-version = 1
  inputs-digest = "5424dd327bcb39736f13c5d8a71446cb56c9a6d27c7ead6e85344df9ee8d54fc"
  solver-name = "gps-cdcl"
  solver-version = 1
